<?xml version="1.0" encoding="utf-8"?>
<Project ToolsVersion="4.0" xmlns="http://schemas.microsoft.com/developer/msbuild/2003">
  <ItemGroup>
    <Filter Include="源文件">
      <UniqueIdentifier>{4FC737F1-C7A5-4376-A066-2A32D752A2FF}</UniqueIdentifier>
      <Extensions>cpp;c;cc;cxx;def;odl;idl;hpj;bat;asm;asmx</Extensions>
    </Filter>
    <Filter Include="头文件">
      <UniqueIdentifier>{93995380-89BD-4b04-88EB-625FBE52EBFB}</UniqueIdentifier>
      <Extensions>h;hpp;hxx;hm;inl;inc;xsd</Extensions>
    </Filter>
    <Filter Include="资源文件">
      <UniqueIdentifier>{67DA6AB6-F800-4c08-8B7A-83BB121AAD01}</UniqueIdentifier>
      <Extensions>rc;ico;cur;bmp;dlg;rc2;rct;bin;rgs;gif;jpg;jpeg;jpe;resx;tiff;tif;png;wav;mfcribbon-ms</Extensions>
    </Filter>
    <Filter Include="animation">
      <UniqueIdentifier>{2ae0c43d-3682-482f-b2cb-fa39232ed379}</UniqueIdentifier>
    </Filter>
    <Filter Include="shape">
      <UniqueIdentifier>{120e2020-e854-4b6a-af76-f5caae7b9424}</UniqueIdentifier>
    </Filter>
  </ItemGroup>
  <ItemGroup>
    <ClCompile Include="..\..\..\src\Application3D.cpp">
      <Filter>源文件</Filter>
    </ClCompile>
    <ClCompile Include="..\..\..\src\CZGeometry.cpp">
      <Filter>源文件</Filter>
    </ClCompile>
    <ClCompile Include="..\..\..\src\CZMat4.cpp">
      <Filter>源文件</Filter>
    </ClCompile>
    <ClCompile Include="..\..\..\src\CZMaterial.cpp">
      <Filter>源文件</Filter>
    </ClCompile>
    <ClCompile Include="..\..\..\src\CZMaterialLib.cpp">
      <Filter>源文件</Filter>
    </ClCompile>
    <ClCompile Include="..\..\..\src\CZNode.cpp">
      <Filter>源文件</Filter>
    </ClCompile>
    <ClCompile Include="..\..\..\src\CZObjFileParser.cpp">
      <Filter>源文件</Filter>
    </ClCompile>
    <ClCompile Include="..\..\..\src\CZObjModel.cpp">
      <Filter>源文件</Filter>
    </ClCompile>
    <ClCompile Include="..\..\..\src\CZShader.cpp">
      <Filter>源文件</Filter>
    </ClCompile>
    <ClCompile Include="..\..\..\src\CZUtil.cpp">
      <Filter>源文件</Filter>
    </ClCompile>
    <ClCompile Include="..\..\..\src\animation\CZAnimaitonManager.cpp">
      <Filter>animation</Filter>
    </ClCompile>
    <ClCompile Include="..\..\..\src\animation\CZAnimation.cpp">
      <Filter>animation</Filter>
    </ClCompile>
    <ClCompile Include="..\..\..\src\animation\CZShapeAnimation.cpp">
      <Filter>animation</Filter>
    </ClCompile>
    <ClCompile Include="..\..\..\src\shape\CZCube.cpp">
      <Filter>shape</Filter>
    </ClCompile>
    <ClCompile Include="..\main.cpp" />
    <ClCompile Include="..\..\..\src\shape\ShZcube.cpp">
      <Filter>shape</Filter>
    </ClCompile>
    <ClCompile Include="..\..\..\src\shape\ShZshader.cpp">
      <Filter>源文件</Filter>
    </ClCompile>
  </ItemGroup>
  <ItemGroup>
    <ClInclude Include="..\..\..\src\Application3D.h">
      <Filter>头文件</Filter>
    </ClInclude>
    <ClInclude Include="..\..\..\src\CZBasic.h">
      <Filter>头文件</Filter>
    </ClInclude>
    <ClInclude Include="..\..\..\src\CZDefine.h">
      <Filter>头文件</Filter>
    </ClInclude>
    <ClInclude Include="..\..\..\src\CZGeometry.h">
      <Filter>头文件</Filter>
    </ClInclude>
    <ClInclude Include="..\..\..\src\CZLog.h">
      <Filter>头文件</Filter>
    </ClInclude>
    <ClInclude Include="..\..\..\src\CZMat4.h">
      <Filter>头文件</Filter>
    </ClInclude>
    <ClInclude Include="..\..\..\src\CZMaterial.h">
      <Filter>头文件</Filter>
    </ClInclude>
    <ClInclude Include="..\..\..\src\CZMaterialLib.h">
      <Filter>头文件</Filter>
    </ClInclude>
    <ClInclude Include="..\..\..\src\CZNode.h">
      <Filter>头文件</Filter>
    </ClInclude>
    <ClInclude Include="..\..\..\src\CZObjFileParser.h">
      <Filter>头文件</Filter>
    </ClInclude>
    <ClInclude Include="..\..\..\src\CZObjModel.h">
      <Filter>头文件</Filter>
    </ClInclude>
    <ClInclude Include="..\..\..\src\CZShader.h">
      <Filter>头文件</Filter>
    </ClInclude>
    <ClInclude Include="..\..\..\src\CZVector.h">
      <Filter>头文件</Filter>
    </ClInclude>
    <ClInclude Include="..\..\..\src\animation\CZAnimaitonManager.hpp">
      <Filter>animation</Filter>
    </ClInclude>
    <ClInclude Include="..\..\..\src\animation\CZAnimation.hpp">
      <Filter>animation</Filter>
    </ClInclude>
    <ClInclude Include="..\..\..\src\animation\CZShapeAnimation.hpp">
      <Filter>animation</Filter>
    </ClInclude>
    <ClInclude Include="..\..\..\src\shape\CZCube.hpp">
      <Filter>shape</Filter>
    </ClInclude>
    <ClInclude Include="..\..\..\src\shape\CZShape.h">
      <Filter>shape</Filter>
    </ClInclude>
    <ClInclude Include="..\..\..\src\shape\ShZcube.h">
      <Filter>shape</Filter>
    </ClInclude>
    <ClInclude Include="..\..\..\src\shape\ShZshader.h">
      <Filter>头文件</Filter>
    </ClInclude>
  </ItemGroup>
  <ItemGroup>
    <None Include="..\..\..\src\scene.cfg" />
    <None Include="..\..\..\src\scene_violin.cfg" />
    <None Include="..\..\..\src\glsl\vertexShader.vs">
      <Filter>资源文件</Filter>
    </None>
    <None Include="..\..\..\src\glsl\fragmentShader.frag">
      <Filter>资源文件</Filter>
    </None>
  </ItemGroup>
</Project>